
Microsoft Visual Studio Solution File, Format Version 12.00
# Visual Studio Version 17
VisualStudioVersion = 17.0.31903.59
MinimumVisualStudioVersion = 10.0.40219.1
Project("{2150E333-8FDC-42A3-9474-1A3956D46DE8}") = "src", "src", "{0EB02A58-6086-4B3F-99B7-BE843C2C4AB3}"
EndProject
Project("{FAE04EC0-301F-11D3-BF4B-00C04F79EFBC}") = "Genomancy.Core", "src\Genomancy.Core\Genomancy.Core.csproj", "{43EFCDE7-C0A8-4B3D-B4C3-1545CA2DCB3C}"
EndProject
Project("{2150E333-8FDC-42A3-9474-1A3956D46DE8}") = "tests", "tests", "{F4FA6225-B584-455F-BD13-A3A7C2FDDCFC}"
EndProject
Project("{FAE04EC0-301F-11D3-BF4B-00C04F79EFBC}") = "Genomancy.Tests", "tests\Genomancy.Tests\Genomancy.Tests.csproj", "{DB11A4C8-CFCF-4877-A47B-4BBD9CD37A06}"
EndProject
Global
	GlobalSection(SolutionConfigurationPlatforms) = preSolution
		Debug|Any CPU = Debug|Any CPU
		Release|Any CPU = Release|Any CPU
	EndGlobalSection
	GlobalSection(SolutionProperties) = preSolution
		HideSolutionNode = FALSE
	EndGlobalSection
	GlobalSection(ProjectConfigurationPlatforms) = postSolution
		{43EFCDE7-C0A8-4B3D-B4C3-1545CA2DCB3C}.Debug|Any CPU.ActiveCfg = Debug|Any CPU
		{43EFCDE7-C0A8-4B3D-B4C3-1545CA2DCB3C}.Debug|Any CPU.Build.0 = Debug|Any CPU
		{43EFCDE7-C0A8-4B3D-B4C3-1545CA2DCB3C}.Release|Any CPU.ActiveCfg = Release|Any CPU
		{43EFCDE7-C0A8-4B3D-B4C3-1545CA2DCB3C}.Release|Any CPU.Build.0 = Release|Any CPU
		{DB11A4C8-CFCF-4877-A47B-4BBD9CD37A06}.Debug|Any CPU.ActiveCfg = Debug|Any CPU
		{DB11A4C8-CFCF-4877-A47B-4BBD9CD37A06}.Debug|Any CPU.Build.0 = Debug|Any CPU
		{DB11A4C8-CFCF-4877-A47B-4BBD9CD37A06}.Release|Any CPU.ActiveCfg = Release|Any CPU
		{DB11A4C8-CFCF-4877-A47B-4BBD9CD37A06}.Release|Any CPU.Build.0 = Release|Any CPU
	EndGlobalSection
	GlobalSection(NestedProjects) = preSolution
		{43EFCDE7-C0A8-4B3D-B4C3-1545CA2DCB3C} = {0EB02A58-6086-4B3F-99B7-BE843C2C4AB3}
		{DB11A4C8-CFCF-4877-A47B-4BBD9CD37A06} = {F4FA6225-B584-455F-BD13-A3A7C2FDDCFC}
	EndGlobalSection
EndGlobal
